
Microsoft Visual Studio Solution File, Format Version 12.00
# Visual Studio Version 17
VisualStudioVersion = 17.9.34728.123
MinimumVisualStudioVersion = 10.0.40219.1
Project("{FAE04EC0-301F-11D3-BF4B-00C04F79EFBC}") = "LanguageServerProtocol", "LanguageServerProtocol\LanguageServerProtocol.csproj", "{16A5883A-FE46-4CE7-86C0-97678BD46488}"
EndProject
Global
	GlobalSection(SolutionConfigurationPlatforms) = preSolution
		Debug|Any CPU = Debug|Any CPU
		Release|Any CPU = Release|Any CPU
	EndGlobalSection
	GlobalSection(ProjectConfigurationPlatforms) = postSolution
		{16A5883A-FE46-4CE7-86C0-97678BD46488}.Debug|Any CPU.ActiveCfg = Debug|Any CPU
		{16A5883A-FE46-4CE7-86C0-97678BD46488}.Debug|Any CPU.Build.0 = Debug|Any CPU
		{16A5883A-FE46-4CE7-86C0-97678BD46488}.Release|Any CPU.ActiveCfg = Release|Any CPU
		{16A5883A-FE46-4CE7-86C0-97678BD46488}.Release|Any CPU.Build.0 = Release|Any CPU
	EndGlobalSection
	GlobalSection(SolutionProperties) = preSolution
		HideSolutionNode = FALSE
	EndGlobalSection
	GlobalSection(ExtensibilityGlobals) = postSolution
		SolutionGuid = {A2AFE441-6B9C-4313-A49A-14BE49190370}
	EndGlobalSection
EndGlobal
